
Microsoft Visual Studio Solution File, Format Version 12.00
# Visual Studio Version 17
VisualStudioVersion = 17.5.33530.505
MinimumVisualStudioVersion = 10.0.40219.1
Project("{FAE04EC0-301F-11D3-BF4B-00C04F79EFBC}") = "Reflexe", "Reflexe\Reflexe.csproj", "{E7FD5AED-2024-4C31-BAD6-04AA6FC4687A}"
EndProject
Global
	GlobalSection(SolutionConfigurationPlatforms) = preSolution
		Debug|Any CPU = Debug|Any CPU
		Release|Any CPU = Release|Any CPU
	EndGlobalSection
	GlobalSection(ProjectConfigurationPlatforms) = postSolution
		{E7FD5AED-2024-4C31-BAD6-04AA6FC4687A}.Debug|Any CPU.ActiveCfg = Debug|Any CPU
		{E7FD5AED-2024-4C31-BAD6-04AA6FC4687A}.Debug|Any CPU.Build.0 = Debug|Any CPU
		{E7FD5AED-2024-4C31-BAD6-04AA6FC4687A}.Release|Any CPU.ActiveCfg = Release|Any CPU
		{E7FD5AED-2024-4C31-BAD6-04AA6FC4687A}.Release|Any CPU.Build.0 = Release|Any CPU
	EndGlobalSection
	GlobalSection(SolutionProperties) = preSolution
		HideSolutionNode = FALSE
	EndGlobalSection
	GlobalSection(ExtensibilityGlobals) = postSolution
		SolutionGuid = {E02121BE-4B48-41E4-B500-B53986AECF9D}
	EndGlobalSection
EndGlobal
